
Microsoft Visual Studio Solution File, Format Version 12.00
# Visual Studio Version 17
VisualStudioVersion = 17.11.35208.52
MinimumVisualStudioVersion = 10.0.40219.1
Project("{FAE04EC0-301F-11D3-BF4B-00C04F79EFBC}") = "InputCheckOnDBWithApi", "InputCheckOnDBWithApi\InputCheckOnDBWithApi.csproj", "{10420D36-1AD5-435C-843F-47231A3D4DC6}"
EndProject
Global
	GlobalSection(SolutionConfigurationPlatforms) = preSolution
		Debug|Any CPU = Debug|Any CPU
		Release|Any CPU = Release|Any CPU
	EndGlobalSection
	GlobalSection(ProjectConfigurationPlatforms) = postSolution
		{10420D36-1AD5-435C-843F-47231A3D4DC6}.Debug|Any CPU.ActiveCfg = Debug|Any CPU
		{10420D36-1AD5-435C-843F-47231A3D4DC6}.Debug|Any CPU.Build.0 = Debug|Any CPU
		{10420D36-1AD5-435C-843F-47231A3D4DC6}.Release|Any CPU.ActiveCfg = Release|Any CPU
		{10420D36-1AD5-435C-843F-47231A3D4DC6}.Release|Any CPU.Build.0 = Release|Any CPU
	EndGlobalSection
	GlobalSection(SolutionProperties) = preSolution
		HideSolutionNode = FALSE
	EndGlobalSection
	GlobalSection(ExtensibilityGlobals) = postSolution
		SolutionGuid = {7E7962E4-03BF-4B62-92DA-F7D830D4EAFB}
	EndGlobalSection
EndGlobal
